
Microsoft Visual Studio Solution File, Format Version 12.00
Project("{FAE04EC0-301F-11D3-BF4B-00C04F79EFBC}") = "SignalR", "SignalR\SignalR.csproj", "{7CAFAFFC-661B-4721-B381-40750E27B005}"
EndProject
Project("{FAE04EC0-301F-11D3-BF4B-00C04F79EFBC}") = "WebApplication1", "WebApplication1\WebApplication1.csproj", "{28B48C74-F801-408D-A154-D577FB8A0301}"
EndProject
Global
	GlobalSection(SolutionConfigurationPlatforms) = preSolution
		Debug|Any CPU = Debug|Any CPU
		Release|Any CPU = Release|Any CPU
	EndGlobalSection
	GlobalSection(ProjectConfigurationPlatforms) = postSolution
		{7CAFAFFC-661B-4721-B381-40750E27B005}.Debug|Any CPU.ActiveCfg = Debug|Any CPU
		{7CAFAFFC-661B-4721-B381-40750E27B005}.Debug|Any CPU.Build.0 = Debug|Any CPU
		{7CAFAFFC-661B-4721-B381-40750E27B005}.Release|Any CPU.ActiveCfg = Release|Any CPU
		{7CAFAFFC-661B-4721-B381-40750E27B005}.Release|Any CPU.Build.0 = Release|Any CPU
		{28B48C74-F801-408D-A154-D577FB8A0301}.Debug|Any CPU.ActiveCfg = Debug|Any CPU
		{28B48C74-F801-408D-A154-D577FB8A0301}.Debug|Any CPU.Build.0 = Debug|Any CPU
		{28B48C74-F801-408D-A154-D577FB8A0301}.Release|Any CPU.ActiveCfg = Release|Any CPU
		{28B48C74-F801-408D-A154-D577FB8A0301}.Release|Any CPU.Build.0 = Release|Any CPU
	EndGlobalSection
EndGlobal
